// !$*UTF8*$!
{
	archiveVersion = 1;
	classes = {
	};
	objectVersion = 50;
	objects = {

/* Begin PBXBuildFile section */
		92434E1524014E87006B36CC /* AppDelegate.swift in Sources */ = {isa = PBXBuildFile; fileRef = 92434E1424014E87006B36CC /* AppDelegate.swift */; };
		92434E1724014E87006B36CC /* ContentView.swift in Sources */ = {isa = PBXBuildFile; fileRef = 92434E1624014E87006B36CC /* ContentView.swift */; };
		92434E1924014E8B006B36CC /* Assets.xcassets in Resources */ = {isa = PBXBuildFile; fileRef = 92434E1824014E8B006B36CC /* Assets.xcassets */; };
		92434E1C24014E8B006B36CC /* Preview Assets.xcassets in Resources */ = {isa = PBXBuildFile; fileRef = 92434E1B24014E8B006B36CC /* Preview Assets.xcassets */; };
		92434E1F24014E8B006B36CC /* Main.storyboard in Resources */ = {isa = PBXBuildFile; fileRef = 92434E1D24014E8B006B36CC /* Main.storyboard */; };
		92434E282401526E006B36CC /* LogsView.swift in Sources */ = {isa = PBXBuildFile; fileRef = 92434E272401526E006B36CC /* LogsView.swift */; };
		92434E2C240157F9006B36CC /* Store.swift in Sources */ = {isa = PBXBuildFile; fileRef = 92434E2B240157F9006B36CC /* Store.swift */; };
		92434E302402199D006B36CC /* LogView.swift in Sources */ = {isa = PBXBuildFile; fileRef = 92434E2F2402199D006B36CC /* LogView.swift */; };
		92439B132403EF2D0068744A /* OtterTests.swift in Sources */ = {isa = PBXBuildFile; fileRef = 92439B122403EF2D0068744A /* OtterTests.swift */; };
		92439B1B24057C030068744A /* main.swift in Sources */ = {isa = PBXBuildFile; fileRef = 92439B1A24057C030068744A /* main.swift */; };
		92439B23240585290068744A /* TestAppDelegate.swift in Sources */ = {isa = PBXBuildFile; fileRef = 92439B22240585290068744A /* TestAppDelegate.swift */; };
		92439B2524058BCF0068744A /* TextView.swift in Sources */ = {isa = PBXBuildFile; fileRef = 92439B2424058BCF0068744A /* TextView.swift */; };
		92439B27240684010068744A /* TopBar.swift in Sources */ = {isa = PBXBuildFile; fileRef = 92439B26240684010068744A /* TopBar.swift */; };
		92439B292406846D0068744A /* Color+Log.swift in Sources */ = {isa = PBXBuildFile; fileRef = 92439B282406846D0068744A /* Color+Log.swift */; };
		92439B2B2406855A0068744A /* Constants.swift in Sources */ = {isa = PBXBuildFile; fileRef = 92439B2A2406855A0068744A /* Constants.swift */; };
		92439B2E2406A7DC0068744A /* LogParser.swift in Sources */ = {isa = PBXBuildFile; fileRef = 92439B2D2406A7DC0068744A /* LogParser.swift */; };
		92439B322406A7F00068744A /* Log.swift in Sources */ = {isa = PBXBuildFile; fileRef = 92439B312406A7F00068744A /* Log.swift */; };
		92439B342406A7FE0068744A /* File.swift in Sources */ = {isa = PBXBuildFile; fileRef = 92439B332406A7FE0068744A /* File.swift */; };
		925A43A12407315200B42955 /* NSTextField.swift in Sources */ = {isa = PBXBuildFile; fileRef = 925A43A02407315200B42955 /* NSTextField.swift */; };
		925A43A3240731E900B42955 /* NSTableView.swift in Sources */ = {isa = PBXBuildFile; fileRef = 925A43A2240731E900B42955 /* NSTableView.swift */; };
/* End PBXBuildFile section */

/* Begin PBXContainerItemProxy section */
		92439B152403EF2D0068744A /* PBXContainerItemProxy */ = {
			isa = PBXContainerItemProxy;
			containerPortal = 92434E0924014E87006B36CC /* Project object */;
			proxyType = 1;
			remoteGlobalIDString = 92434E1024014E87006B36CC;
			remoteInfo = Otter;
		};
/* End PBXContainerItemProxy section */

/* Begin PBXFileReference section */
		92434E1124014E87006B36CC /* Otter.app */ = {isa = PBXFileReference; explicitFileType = wrapper.application; includeInIndex = 0; path = Otter.app; sourceTree = BUILT_PRODUCTS_DIR; };
		92434E1424014E87006B36CC /* AppDelegate.swift */ = {isa = PBXFileReference; lastKnownFileType = sourcecode.swift; path = AppDelegate.swift; sourceTree = "<group>"; };
		92434E1624014E87006B36CC /* ContentView.swift */ = {isa = PBXFileReference; lastKnownFileType = sourcecode.swift; path = ContentView.swift; sourceTree = "<group>"; };
		92434E1824014E8B006B36CC /* Assets.xcassets */ = {isa = PBXFileReference; lastKnownFileType = folder.assetcatalog; path = Assets.xcassets; sourceTree = "<group>"; };
		92434E1B24014E8B006B36CC /* Preview Assets.xcassets */ = {isa = PBXFileReference; lastKnownFileType = folder.assetcatalog; path = "Preview Assets.xcassets"; sourceTree = "<group>"; };
		92434E1E24014E8B006B36CC /* Base */ = {isa = PBXFileReference; lastKnownFileType = file.storyboard; name = Base; path = Base.lproj/Main.storyboard; sourceTree = "<group>"; };
		92434E2024014E8B006B36CC /* Info.plist */ = {isa = PBXFileReference; lastKnownFileType = text.plist.xml; path = Info.plist; sourceTree = "<group>"; };
		92434E272401526E006B36CC /* LogsView.swift */ = {isa = PBXFileReference; lastKnownFileType = sourcecode.swift; path = LogsView.swift; sourceTree = "<group>"; };
		92434E2B240157F9006B36CC /* Store.swift */ = {isa = PBXFileReference; lastKnownFileType = sourcecode.swift; path = Store.swift; sourceTree = "<group>"; };
		92434E2F2402199D006B36CC /* LogView.swift */ = {isa = PBXFileReference; lastKnownFileType = sourcecode.swift; path = LogView.swift; sourceTree = "<group>"; };
		92439B102403EF2D0068744A /* OtterTests.xctest */ = {isa = PBXFileReference; explicitFileType = wrapper.cfbundle; includeInIndex = 0; path = OtterTests.xctest; sourceTree = BUILT_PRODUCTS_DIR; };
		92439B122403EF2D0068744A /* OtterTests.swift */ = {isa = PBXFileReference; lastKnownFileType = sourcecode.swift; path = OtterTests.swift; sourceTree = "<group>"; };
		92439B142403EF2D0068744A /* Info.plist */ = {isa = PBXFileReference; lastKnownFileType = text.plist.xml; path = Info.plist; sourceTree = "<group>"; };
		92439B1A24057C030068744A /* main.swift */ = {isa = PBXFileReference; lastKnownFileType = sourcecode.swift; path = main.swift; sourceTree = "<group>"; };
		92439B22240585290068744A /* TestAppDelegate.swift */ = {isa = PBXFileReference; lastKnownFileType = sourcecode.swift; path = TestAppDelegate.swift; sourceTree = "<group>"; };
		92439B2424058BCF0068744A /* TextView.swift */ = {isa = PBXFileReference; lastKnownFileType = sourcecode.swift; path = TextView.swift; sourceTree = "<group>"; };
		92439B26240684010068744A /* TopBar.swift */ = {isa = PBXFileReference; lastKnownFileType = sourcecode.swift; path = TopBar.swift; sourceTree = "<group>"; };
		92439B282406846D0068744A /* Color+Log.swift */ = {isa = PBXFileReference; lastKnownFileType = sourcecode.swift; path = "Color+Log.swift"; sourceTree = "<group>"; };
		92439B2A2406855A0068744A /* Constants.swift */ = {isa = PBXFileReference; lastKnownFileType = sourcecode.swift; path = Constants.swift; sourceTree = "<group>"; };
		92439B2D2406A7DC0068744A /* LogParser.swift */ = {isa = PBXFileReference; lastKnownFileType = sourcecode.swift; path = LogParser.swift; sourceTree = "<group>"; };
		92439B312406A7F00068744A /* Log.swift */ = {isa = PBXFileReference; lastKnownFileType = sourcecode.swift; path = Log.swift; sourceTree = "<group>"; };
		92439B332406A7FE0068744A /* File.swift */ = {isa = PBXFileReference; lastKnownFileType = sourcecode.swift; path = File.swift; sourceTree = "<group>"; };
		925A43A02407315200B42955 /* NSTextField.swift */ = {isa = PBXFileReference; lastKnownFileType = sourcecode.swift; path = NSTextField.swift; sourceTree = "<group>"; };
		925A43A2240731E900B42955 /* NSTableView.swift */ = {isa = PBXFileReference; lastKnownFileType = sourcecode.swift; path = NSTableView.swift; sourceTree = "<group>"; };
/* End PBXFileReference section */

/* Begin PBXFrameworksBuildPhase section */
		92434E0E24014E87006B36CC /* Frameworks */ = {
			isa = PBXFrameworksBuildPhase;
			buildActionMask = 2147483647;
			files = (
			);
			runOnlyForDeploymentPostprocessing = 0;
		};
		92439B0D2403EF2D0068744A /* Frameworks */ = {
			isa = PBXFrameworksBuildPhase;
			buildActionMask = 2147483647;
			files = (
			);
			runOnlyForDeploymentPostprocessing = 0;
		};
/* End PBXFrameworksBuildPhase section */

/* Begin PBXGroup section */
		92434E0824014E87006B36CC = {
			isa = PBXGroup;
			children = (
				92434E1324014E87006B36CC /* Otter */,
				92439B112403EF2D0068744A /* OtterTests */,
				92434E1224014E87006B36CC /* Products */,
			);
			sourceTree = "<group>";
		};
		92434E1224014E87006B36CC /* Products */ = {
			isa = PBXGroup;
			children = (
				92434E1124014E87006B36CC /* Otter.app */,
				92439B102403EF2D0068744A /* OtterTests.xctest */,
			);
			name = Products;
			sourceTree = "<group>";
		};
		92434E1324014E87006B36CC /* Otter */ = {
			isa = PBXGroup;
			children = (
				92439B372406A82A0068744A /* Utils */,
				92439B362406A8220068744A /* Extensions */,
				92439B352406A81B0068744A /* TopBar */,
				92439B2C2406A7C90068744A /* Model */,
				92439B382406A83B0068744A /* Logs */,
				92434E1624014E87006B36CC /* ContentView.swift */,
				92434E1424014E87006B36CC /* AppDelegate.swift */,
				92439B1A24057C030068744A /* main.swift */,
				92434E1824014E8B006B36CC /* Assets.xcassets */,
				92434E1D24014E8B006B36CC /* Main.storyboard */,
				92434E2024014E8B006B36CC /* Info.plist */,
				92434E1A24014E8B006B36CC /* Preview Content */,
			);
			path = Otter;
			sourceTree = "<group>";
		};
		92434E1A24014E8B006B36CC /* Preview Content */ = {
			isa = PBXGroup;
			children = (
				92434E1B24014E8B006B36CC /* Preview Assets.xcassets */,
			);
			path = "Preview Content";
			sourceTree = "<group>";
		};
		92439B112403EF2D0068744A /* OtterTests */ = {
			isa = PBXGroup;
			children = (
				92439B122403EF2D0068744A /* OtterTests.swift */,
				92439B22240585290068744A /* TestAppDelegate.swift */,
				92439B142403EF2D0068744A /* Info.plist */,
			);
			path = OtterTests;
			sourceTree = "<group>";
		};
		92439B2C2406A7C90068744A /* Model */ = {
			isa = PBXGroup;
			children = (
				92434E2B240157F9006B36CC /* Store.swift */,
				92439B2D2406A7DC0068744A /* LogParser.swift */,
				92439B332406A7FE0068744A /* File.swift */,
				92439B312406A7F00068744A /* Log.swift */,
			);
			path = Model;
			sourceTree = "<group>";
		};
		92439B352406A81B0068744A /* TopBar */ = {
			isa = PBXGroup;
			children = (
				92439B26240684010068744A /* TopBar.swift */,
			);
			path = TopBar;
			sourceTree = "<group>";
		};
		92439B362406A8220068744A /* Extensions */ = {
			isa = PBXGroup;
			children = (
				92439B282406846D0068744A /* Color+Log.swift */,
				925A43A02407315200B42955 /* NSTextField.swift */,
				925A43A2240731E900B42955 /* NSTableView.swift */,
			);
			path = Extensions;
			sourceTree = "<group>";
		};
		92439B372406A82A0068744A /* Utils */ = {
			isa = PBXGroup;
			children = (
				92439B2424058BCF0068744A /* TextView.swift */,
				92439B2A2406855A0068744A /* Constants.swift */,
			);
			path = Utils;
			sourceTree = "<group>";
		};
		92439B382406A83B0068744A /* Logs */ = {
			isa = PBXGroup;
			children = (
				92434E272401526E006B36CC /* LogsView.swift */,
				92434E2F2402199D006B36CC /* LogView.swift */,
			);
			path = Logs;
			sourceTree = "<group>";
		};
/* End PBXGroup section */

/* Begin PBXNativeTarget section */
		92434E1024014E87006B36CC /* Otter */ = {
			isa = PBXNativeTarget;
			buildConfigurationList = 92434E2424014E8B006B36CC /* Build configuration list for PBXNativeTarget "Otter" */;
			buildPhases = (
				92434E0D24014E87006B36CC /* Sources */,
				92434E0E24014E87006B36CC /* Frameworks */,
				92434E0F24014E87006B36CC /* Resources */,
			);
			buildRules = (
			);
			dependencies = (
			);
			name = Otter;
			productName = Otter;
			productReference = 92434E1124014E87006B36CC /* Otter.app */;
			productType = "com.apple.product-type.application";
		};
		92439B0F2403EF2D0068744A /* OtterTests */ = {
			isa = PBXNativeTarget;
			buildConfigurationList = 92439B192403EF2D0068744A /* Build configuration list for PBXNativeTarget "OtterTests" */;
			buildPhases = (
				92439B0C2403EF2D0068744A /* Sources */,
				92439B0D2403EF2D0068744A /* Frameworks */,
				92439B0E2403EF2D0068744A /* Resources */,
			);
			buildRules = (
			);
			dependencies = (
				92439B162403EF2D0068744A /* PBXTargetDependency */,
			);
			name = OtterTests;
			productName = OtterTests;
			productReference = 92439B102403EF2D0068744A /* OtterTests.xctest */;
			productType = "com.apple.product-type.bundle.unit-test";
		};
/* End PBXNativeTarget section */

/* Begin PBXProject section */
		92434E0924014E87006B36CC /* Project object */ = {
			isa = PBXProject;
			attributes = {
				LastSwiftUpdateCheck = 1130;
				LastUpgradeCheck = 1130;
				ORGANIZATIONNAME = "Anthony Pauriche";
				TargetAttributes = {
					92434E1024014E87006B36CC = {
						CreatedOnToolsVersion = 11.3.1;
					};
					92439B0F2403EF2D0068744A = {
						CreatedOnToolsVersion = 11.3.1;
						TestTargetID = 92434E1024014E87006B36CC;
					};
				};
			};
			buildConfigurationList = 92434E0C24014E87006B36CC /* Build configuration list for PBXProject "Otter" */;
			compatibilityVersion = "Xcode 9.3";
			developmentRegion = en;
			hasScannedForEncodings = 0;
			knownRegions = (
				en,
				Base,
			);
			mainGroup = 92434E0824014E87006B36CC;
			productRefGroup = 92434E1224014E87006B36CC /* Products */;
			projectDirPath = "";
			projectRoot = "";
			targets = (
				92434E1024014E87006B36CC /* Otter */,
				92439B0F2403EF2D0068744A /* OtterTests */,
			);
		};
/* End PBXProject section */

/* Begin PBXResourcesBuildPhase section */
		92434E0F24014E87006B36CC /* Resources */ = {
			isa = PBXResourcesBuildPhase;
			buildActionMask = 2147483647;
			files = (
				92434E1F24014E8B006B36CC /* Main.storyboard in Resources */,
				92434E1C24014E8B006B36CC /* Preview Assets.xcassets in Resources */,
				92434E1924014E8B006B36CC /* Assets.xcassets in Resources */,
			);
			runOnlyForDeploymentPostprocessing = 0;
		};
		92439B0E2403EF2D0068744A /* Resources */ = {
			isa = PBXResourcesBuildPhase;
			buildActionMask = 2147483647;
			files = (
			);
			runOnlyForDeploymentPostprocessing = 0;
		};
/* End PBXResourcesBuildPhase section */

/* Begin PBXSourcesBuildPhase section */
		92434E0D24014E87006B36CC /* Sources */ = {
			isa = PBXSourcesBuildPhase;
			buildActionMask = 2147483647;
			files = (
				92434E1724014E87006B36CC /* ContentView.swift in Sources */,
				92434E282401526E006B36CC /* LogsView.swift in Sources */,
				92439B322406A7F00068744A /* Log.swift in Sources */,
				92439B1B24057C030068744A /* main.swift in Sources */,
				92439B2524058BCF0068744A /* TextView.swift in Sources */,
				92439B292406846D0068744A /* Color+Log.swift in Sources */,
				92439B2B2406855A0068744A /* Constants.swift in Sources */,
				92434E1524014E87006B36CC /* AppDelegate.swift in Sources */,
				92434E302402199D006B36CC /* LogView.swift in Sources */,
				925A43A3240731E900B42955 /* NSTableView.swift in Sources */,
				92434E2C240157F9006B36CC /* Store.swift in Sources */,
				925A43A12407315200B42955 /* NSTextField.swift in Sources */,
				92439B342406A7FE0068744A /* File.swift in Sources */,
				92439B2E2406A7DC0068744A /* LogParser.swift in Sources */,
				92439B27240684010068744A /* TopBar.swift in Sources */,
			);
			runOnlyForDeploymentPostprocessing = 0;
		};
		92439B0C2403EF2D0068744A /* Sources */ = {
			isa = PBXSourcesBuildPhase;
			buildActionMask = 2147483647;
			files = (
				92439B23240585290068744A /* TestAppDelegate.swift in Sources */,
				92439B132403EF2D0068744A /* OtterTests.swift in Sources */,
			);
			runOnlyForDeploymentPostprocessing = 0;
		};
/* End PBXSourcesBuildPhase section */

/* Begin PBXTargetDependency section */
		92439B162403EF2D0068744A /* PBXTargetDependency */ = {
			isa = PBXTargetDependency;
			target = 92434E1024014E87006B36CC /* Otter */;
			targetProxy = 92439B152403EF2D0068744A /* PBXContainerItemProxy */;
		};
/* End PBXTargetDependency section */

/* Begin PBXVariantGroup section */
		92434E1D24014E8B006B36CC /* Main.storyboard */ = {
			isa = PBXVariantGroup;
			children = (
				92434E1E24014E8B006B36CC /* Base */,
			);
			name = Main.storyboard;
			sourceTree = "<group>";
		};
/* End PBXVariantGroup section */

/* Begin XCBuildConfiguration section */
		92434E2224014E8B006B36CC /* Debug */ = {
			isa = XCBuildConfiguration;
			buildSettings = {
				ALWAYS_SEARCH_USER_PATHS = NO;
				CLANG_ANALYZER_NONNULL = YES;
				CLANG_ANALYZER_NUMBER_OBJECT_CONVERSION = YES_AGGRESSIVE;
				CLANG_CXX_LANGUAGE_STANDARD = "gnu++14";
				CLANG_CXX_LIBRARY = "libc++";
				CLANG_ENABLE_MODULES = YES;
				CLANG_ENABLE_OBJC_ARC = YES;
				CLANG_ENABLE_OBJC_WEAK = YES;
				CLANG_WARN_BLOCK_CAPTURE_AUTORELEASING = YES;
				CLANG_WARN_BOOL_CONVERSION = YES;
				CLANG_WARN_COMMA = YES;
				CLANG_WARN_CONSTANT_CONVERSION = YES;
				CLANG_WARN_DEPRECATED_OBJC_IMPLEMENTATIONS = YES;
				CLANG_WARN_DIRECT_OBJC_ISA_USAGE = YES_ERROR;
				CLANG_WARN_DOCUMENTATION_COMMENTS = YES;
				CLANG_WARN_EMPTY_BODY = YES;
				CLANG_WARN_ENUM_CONVERSION = YES;
				CLANG_WARN_INFINITE_RECURSION = YES;
				CLANG_WARN_INT_CONVERSION = YES;
				CLANG_WARN_NON_LITERAL_NULL_CONVERSION = YES;
				CLANG_WARN_OBJC_IMPLICIT_RETAIN_SELF = YES;
				CLANG_WARN_OBJC_LITERAL_CONVERSION = YES;
				CLANG_WARN_OBJC_ROOT_CLASS = YES_ERROR;
				CLANG_WARN_RANGE_LOOP_ANALYSIS = YES;
				CLANG_WARN_STRICT_PROTOTYPES = YES;
				CLANG_WARN_SUSPICIOUS_MOVE = YES;
				CLANG_WARN_UNGUARDED_AVAILABILITY = YES_AGGRESSIVE;
				CLANG_WARN_UNREACHABLE_CODE = YES;
				CLANG_WARN__DUPLICATE_METHOD_MATCH = YES;
				COPY_PHASE_STRIP = NO;
				DEBUG_INFORMATION_FORMAT = dwarf;
				ENABLE_STRICT_OBJC_MSGSEND = YES;
				ENABLE_TESTABILITY = YES;
				GCC_C_LANGUAGE_STANDARD = gnu11;
				GCC_DYNAMIC_NO_PIC = NO;
				GCC_NO_COMMON_BLOCKS = YES;
				GCC_OPTIMIZATION_LEVEL = 0;
				GCC_PREPROCESSOR_DEFINITIONS = (
					"DEBUG=1",
					"$(inherited)",
				);
				GCC_WARN_64_TO_32_BIT_CONVERSION = YES;
				GCC_WARN_ABOUT_RETURN_TYPE = YES_ERROR;
				GCC_WARN_UNDECLARED_SELECTOR = YES;
				GCC_WARN_UNINITIALIZED_AUTOS = YES_AGGRESSIVE;
				GCC_WARN_UNUSED_FUNCTION = YES;
				GCC_WARN_UNUSED_VARIABLE = YES;
				MACOSX_DEPLOYMENT_TARGET = 10.15;
				MTL_ENABLE_DEBUG_INFO = INCLUDE_SOURCE;
				MTL_FAST_MATH = YES;
				ONLY_ACTIVE_ARCH = YES;
				SDKROOT = macosx;
				SWIFT_ACTIVE_COMPILATION_CONDITIONS = DEBUG;
				SWIFT_OPTIMIZATION_LEVEL = "-Onone";
			};
			name = Debug;
		};
		92434E2324014E8B006B36CC /* Release */ = {
			isa = XCBuildConfiguration;
			buildSettings = {
				ALWAYS_SEARCH_USER_PATHS = NO;
				CLANG_ANALYZER_NONNULL = YES;
				CLANG_ANALYZER_NUMBER_OBJECT_CONVERSION = YES_AGGRESSIVE;
				CLANG_CXX_LANGUAGE_STANDARD = "gnu++14";
				CLANG_CXX_LIBRARY = "libc++";
				CLANG_ENABLE_MODULES = YES;
				CLANG_ENABLE_OBJC_ARC = YES;
				CLANG_ENABLE_OBJC_WEAK = YES;
				CLANG_WARN_BLOCK_CAPTURE_AUTORELEASING = YES;
				CLANG_WARN_BOOL_CONVERSION = YES;
				CLANG_WARN_COMMA = YES;
				CLANG_WARN_CONSTANT_CONVERSION = YES;
				CLANG_WARN_DEPRECATED_OBJC_IMPLEMENTATIONS = YES;
				CLANG_WARN_DIRECT_OBJC_ISA_USAGE = YES_ERROR;
				CLANG_WARN_DOCUMENTATION_COMMENTS = YES;
				CLANG_WARN_EMPTY_BODY = YES;
				CLANG_WARN_ENUM_CONVERSION = YES;
				CLANG_WARN_INFINITE_RECURSION = YES;
				CLANG_WARN_INT_CONVERSION = YES;
				CLANG_WARN_NON_LITERAL_NULL_CONVERSION = YES;
				CLANG_WARN_OBJC_IMPLICIT_RETAIN_SELF = YES;
				CLANG_WARN_OBJC_LITERAL_CONVERSION = YES;
				CLANG_WARN_OBJC_ROOT_CLASS = YES_ERROR;
				CLANG_WARN_RANGE_LOOP_ANALYSIS = YES;
				CLANG_WARN_STRICT_PROTOTYPES = YES;
				CLANG_WARN_SUSPICIOUS_MOVE = YES;
				CLANG_WARN_UNGUARDED_AVAILABILITY = YES_AGGRESSIVE;
				CLANG_WARN_UNREACHABLE_CODE = YES;
				CLANG_WARN__DUPLICATE_METHOD_MATCH = YES;
				COPY_PHASE_STRIP = NO;
				DEBUG_INFORMATION_FORMAT = "dwarf-with-dsym";
				ENABLE_NS_ASSERTIONS = NO;
				ENABLE_STRICT_OBJC_MSGSEND = YES;
				GCC_C_LANGUAGE_STANDARD = gnu11;
				GCC_NO_COMMON_BLOCKS = YES;
				GCC_WARN_64_TO_32_BIT_CONVERSION = YES;
				GCC_WARN_ABOUT_RETURN_TYPE = YES_ERROR;
				GCC_WARN_UNDECLARED_SELECTOR = YES;
				GCC_WARN_UNINITIALIZED_AUTOS = YES_AGGRESSIVE;
				GCC_WARN_UNUSED_FUNCTION = YES;
				GCC_WARN_UNUSED_VARIABLE = YES;
				MACOSX_DEPLOYMENT_TARGET = 10.15;
				MTL_ENABLE_DEBUG_INFO = NO;
				MTL_FAST_MATH = YES;
				SDKROOT = macosx;
				SWIFT_COMPILATION_MODE = wholemodule;
				SWIFT_OPTIMIZATION_LEVEL = "-O";
			};
			name = Release;
		};
		92434E2524014E8B006B36CC /* Debug */ = {
			isa = XCBuildConfiguration;
			buildSettings = {
				ASSETCATALOG_COMPILER_APPICON_NAME = AppIcon;
				CODE_SIGN_STYLE = Automatic;
				COMBINE_HIDPI_IMAGES = YES;
				DEVELOPMENT_ASSET_PATHS = "\"Otter/Preview Content\"";
				DEVELOPMENT_TEAM = N4D2XTU64R;
				ENABLE_HARDENED_RUNTIME = YES;
				ENABLE_PREVIEWS = YES;
				INFOPLIST_FILE = Otter/Info.plist;
				LD_RUNPATH_SEARCH_PATHS = (
					"$(inherited)",
					"@executable_path/../Frameworks",
				);
				MACOSX_DEPLOYMENT_TARGET = 10.15;
				PRODUCT_BUNDLE_IDENTIFIER = com.anthonypauriche.Otter;
				PRODUCT_NAME = "$(TARGET_NAME)";
				SWIFT_VERSION = 5.0;
			};
			name = Debug;
		};
		92434E2624014E8B006B36CC /* Release */ = {
			isa = XCBuildConfiguration;
			buildSettings = {
				ASSETCATALOG_COMPILER_APPICON_NAME = AppIcon;
				CODE_SIGN_STYLE = Automatic;
				COMBINE_HIDPI_IMAGES = YES;
				DEVELOPMENT_ASSET_PATHS = "\"Otter/Preview Content\"";
				DEVELOPMENT_TEAM = N4D2XTU64R;
				ENABLE_HARDENED_RUNTIME = YES;
				ENABLE_PREVIEWS = YES;
				INFOPLIST_FILE = Otter/Info.plist;
				LD_RUNPATH_SEARCH_PATHS = (
					"$(inherited)",
					"@executable_path/../Frameworks",
				);
				MACOSX_DEPLOYMENT_TARGET = 10.15;
				PRODUCT_BUNDLE_IDENTIFIER = com.anthonypauriche.Otter;
				PRODUCT_NAME = "$(TARGET_NAME)";
				SWIFT_VERSION = 5.0;
			};
			name = Release;
		};
		92439B172403EF2D0068744A /* Debug */ = {
			isa = XCBuildConfiguration;
			buildSettings = {
				BUNDLE_LOADER = "$(TEST_HOST)";
				CODE_SIGN_STYLE = Automatic;
				COMBINE_HIDPI_IMAGES = YES;
				DEVELOPMENT_TEAM = UZ454HWDH7;
				INFOPLIST_FILE = OtterTests/Info.plist;
				LD_RUNPATH_SEARCH_PATHS = (
					"$(inherited)",
					"@executable_path/../Frameworks",
					"@loader_path/../Frameworks",
				);
				PRODUCT_BUNDLE_IDENTIFIER = com.anthonypauriche.OtterTests;
				PRODUCT_NAME = "$(TARGET_NAME)";
				SWIFT_VERSION = 5.0;
				TEST_HOST = "$(BUILT_PRODUCTS_DIR)/Otter.app/Contents/MacOS/Otter";
			};
			name = Debug;
		};
		92439B182403EF2D0068744A /* Release */ = {
			isa = XCBuildConfiguration;
			buildSettings = {
				BUNDLE_LOADER = "$(TEST_HOST)";
				CODE_SIGN_STYLE = Automatic;
				COMBINE_HIDPI_IMAGES = YES;
				DEVELOPMENT_TEAM = UZ454HWDH7;
				INFOPLIST_FILE = OtterTests/Info.plist;
				LD_RUNPATH_SEARCH_PATHS = (
					"$(inherited)",
					"@executable_path/../Frameworks",
					"@loader_path/../Frameworks",
				);
				PRODUCT_BUNDLE_IDENTIFIER = com.anthonypauriche.OtterTests;
				PRODUCT_NAME = "$(TARGET_NAME)";
				SWIFT_VERSION = 5.0;
				TEST_HOST = "$(BUILT_PRODUCTS_DIR)/Otter.app/Contents/MacOS/Otter";
			};
			name = Release;
		};
/* End XCBuildConfiguration section */

/* Begin XCConfigurationList section */
		92434E0C24014E87006B36CC /* Build configuration list for PBXProject "Otter" */ = {
			isa = XCConfigurationList;
			buildConfigurations = (
				92434E2224014E8B006B36CC /* Debug */,
				92434E2324014E8B006B36CC /* Release */,
			);
			defaultConfigurationIsVisible = 0;
			defaultConfigurationName = Release;
		};
		92434E2424014E8B006B36CC /* Build configuration list for PBXNativeTarget "Otter" */ = {
			isa = XCConfigurationList;
			buildConfigurations = (
				92434E2524014E8B006B36CC /* Debug */,
				92434E2624014E8B006B36CC /* Release */,
			);
			defaultConfigurationIsVisible = 0;
			defaultConfigurationName = Release;
		};
		92439B192403EF2D0068744A /* Build configuration list for PBXNativeTarget "OtterTests" */ = {
			isa = XCConfigurationList;
			buildConfigurations = (
				92439B172403EF2D0068744A /* Debug */,
				92439B182403EF2D0068744A /* Release */,
			);
			defaultConfigurationIsVisible = 0;
			defaultConfigurationName = Release;
		};
/* End XCConfigurationList section */
	};
	rootObject = 92434E0924014E87006B36CC /* Project object */;
}
